// !$*UTF8*$!
{
	archiveVersion = 1;
	classes = {
	};
	objectVersion = 46;
	objects = {

/* Begin PBXBuildFile section */
		CC74EAAD1E3975E500C6B3E8 /* AppDelegate.swift in Sources */ = {isa = PBXBuildFile; fileRef = CC74EAAC1E3975E500C6B3E8 /* AppDelegate.swift */; };
		CC74EAAF1E3975E500C6B3E8 /* ViewController.swift in Sources */ = {isa = PBXBuildFile; fileRef = CC74EAAE1E3975E500C6B3E8 /* ViewController.swift */; };
		CC74EAB21E3975E500C6B3E8 /* Main.storyboard in Resources */ = {isa = PBXBuildFile; fileRef = CC74EAB01E3975E500C6B3E8 /* Main.storyboard */; };
		CC74EAB41E3975E500C6B3E8 /* Assets.xcassets in Resources */ = {isa = PBXBuildFile; fileRef = CC74EAB31E3975E500C6B3E8 /* Assets.xcassets */; };
		CC74EAB71E3975E500C6B3E8 /* LaunchScreen.storyboard in Resources */ = {isa = PBXBuildFile; fileRef = CC74EAB51E3975E500C6B3E8 /* LaunchScreen.storyboard */; };
		CC74EAC21E3975E500C6B3E8 /* DaysTillTests.swift in Sources */ = {isa = PBXBuildFile; fileRef = CC74EAC11E3975E500C6B3E8 /* DaysTillTests.swift */; };
		CC74EACD1E3975E500C6B3E8 /* DaysTillUITests.swift in Sources */ = {isa = PBXBuildFile; fileRef = CC74EACC1E3975E500C6B3E8 /* DaysTillUITests.swift */; };
		CC74EADB1E3977DB00C6B3E8 /* Podfile in Resources */ = {isa = PBXBuildFile; fileRef = CC74EADA1E3977DB00C6B3E8 /* Podfile */; };
/* End PBXBuildFile section */

/* Begin PBXContainerItemProxy section */
		CC74EABE1E3975E500C6B3E8 /* PBXContainerItemProxy */ = {
			isa = PBXContainerItemProxy;
			containerPortal = CC74EAA11E3975E500C6B3E8 /* Project object */;
			proxyType = 1;
			remoteGlobalIDString = CC74EAA81E3975E500C6B3E8;
			remoteInfo = DaysTill;
		};
		CC74EAC91E3975E500C6B3E8 /* PBXContainerItemProxy */ = {
			isa = PBXContainerItemProxy;
			containerPortal = CC74EAA11E3975E500C6B3E8 /* Project object */;
			proxyType = 1;
			remoteGlobalIDString = CC74EAA81E3975E500C6B3E8;
			remoteInfo = DaysTill;
		};
/* End PBXContainerItemProxy section */

/* Begin PBXFileReference section */
		CC74EAA91E3975E500C6B3E8 /* DaysTill.app */ = {isa = PBXFileReference; explicitFileType = wrapper.application; includeInIndex = 0; path = DaysTill.app; sourceTree = BUILT_PRODUCTS_DIR; };
		CC74EAAC1E3975E500C6B3E8 /* AppDelegate.swift */ = {isa = PBXFileReference; lastKnownFileType = sourcecode.swift; path = AppDelegate.swift; sourceTree = "<group>"; };
		CC74EAAE1E3975E500C6B3E8 /* ViewController.swift */ = {isa = PBXFileReference; lastKnownFileType = sourcecode.swift; path = ViewController.swift; sourceTree = "<group>"; };
		CC74EAB11E3975E500C6B3E8 /* Base */ = {isa = PBXFileReference; lastKnownFileType = file.storyboard; name = Base; path = Base.lproj/Main.storyboard; sourceTree = "<group>"; };
		CC74EAB31E3975E500C6B3E8 /* Assets.xcassets */ = {isa = PBXFileReference; lastKnownFileType = folder.assetcatalog; path = Assets.xcassets; sourceTree = "<group>"; };
		CC74EAB61E3975E500C6B3E8 /* Base */ = {isa = PBXFileReference; lastKnownFileType = file.storyboard; name = Base; path = Base.lproj/LaunchScreen.storyboard; sourceTree = "<group>"; };
		CC74EAB81E3975E500C6B3E8 /* Info.plist */ = {isa = PBXFileReference; lastKnownFileType = text.plist.xml; path = Info.plist; sourceTree = "<group>"; };
		CC74EABD1E3975E500C6B3E8 /* DaysTillTests.xctest */ = {isa = PBXFileReference; explicitFileType = wrapper.cfbundle; includeInIndex = 0; path = DaysTillTests.xctest; sourceTree = BUILT_PRODUCTS_DIR; };
		CC74EAC11E3975E500C6B3E8 /* DaysTillTests.swift */ = {isa = PBXFileReference; lastKnownFileType = sourcecode.swift; path = DaysTillTests.swift; sourceTree = "<group>"; };
		CC74EAC31E3975E500C6B3E8 /* Info.plist */ = {isa = PBXFileReference; lastKnownFileType = text.plist.xml; path = Info.plist; sourceTree = "<group>"; };
		CC74EAC81E3975E500C6B3E8 /* DaysTillUITests.xctest */ = {isa = PBXFileReference; explicitFileType = wrapper.cfbundle; includeInIndex = 0; path = DaysTillUITests.xctest; sourceTree = BUILT_PRODUCTS_DIR; };
		CC74EACC1E3975E500C6B3E8 /* DaysTillUITests.swift */ = {isa = PBXFileReference; lastKnownFileType = sourcecode.swift; path = DaysTillUITests.swift; sourceTree = "<group>"; };
		CC74EACE1E3975E500C6B3E8 /* Info.plist */ = {isa = PBXFileReference; lastKnownFileType = text.plist.xml; path = Info.plist; sourceTree = "<group>"; };
		CC74EADA1E3977DB00C6B3E8 /* Podfile */ = {isa = PBXFileReference; fileEncoding = 4; lastKnownFileType = text; path = Podfile; sourceTree = SOURCE_ROOT; };
/* End PBXFileReference section */

/* Begin PBXFrameworksBuildPhase section */
		CC74EAA61E3975E500C6B3E8 /* Frameworks */ = {
			isa = PBXFrameworksBuildPhase;
			buildActionMask = 2147483647;
			files = (
			);
			runOnlyForDeploymentPostprocessing = 0;
		};
		CC74EABA1E3975E500C6B3E8 /* Frameworks */ = {
			isa = PBXFrameworksBuildPhase;
			buildActionMask = 2147483647;
			files = (
			);
			runOnlyForDeploymentPostprocessing = 0;
		};
		CC74EAC51E3975E500C6B3E8 /* Frameworks */ = {
			isa = PBXFrameworksBuildPhase;
			buildActionMask = 2147483647;
			files = (
			);
			runOnlyForDeploymentPostprocessing = 0;
		};
/* End PBXFrameworksBuildPhase section */

/* Begin PBXGroup section */
		CC74EAA01E3975E500C6B3E8 = {
			isa = PBXGroup;
			children = (
				CC74EAAB1E3975E500C6B3E8 /* DaysTill */,
				CC74EAC01E3975E500C6B3E8 /* DaysTillTests */,
				CC74EACB1E3975E500C6B3E8 /* DaysTillUITests */,
				CC74EAAA1E3975E500C6B3E8 /* Products */,
			);
			sourceTree = "<group>";
		};
		CC74EAAA1E3975E500C6B3E8 /* Products */ = {
			isa = PBXGroup;
			children = (
				CC74EAA91E3975E500C6B3E8 /* DaysTill.app */,
				CC74EABD1E3975E500C6B3E8 /* DaysTillTests.xctest */,
				CC74EAC81E3975E500C6B3E8 /* DaysTillUITests.xctest */,
			);
			name = Products;
			sourceTree = "<group>";
		};
		CC74EAAB1E3975E500C6B3E8 /* DaysTill */ = {
			isa = PBXGroup;
			children = (
				CC74EAAC1E3975E500C6B3E8 /* AppDelegate.swift */,
				CC74EAAE1E3975E500C6B3E8 /* ViewController.swift */,
				CC74EAB01E3975E500C6B3E8 /* Main.storyboard */,
				CC74EAB31E3975E500C6B3E8 /* Assets.xcassets */,
				CC74EAB51E3975E500C6B3E8 /* LaunchScreen.storyboard */,
				CC74EAB81E3975E500C6B3E8 /* Info.plist */,
				CC74EADA1E3977DB00C6B3E8 /* Podfile */,
			);
			path = DaysTill;
			sourceTree = "<group>";
		};
		CC74EAC01E3975E500C6B3E8 /* DaysTillTests */ = {
			isa = PBXGroup;
			children = (
				CC74EAC11E3975E500C6B3E8 /* DaysTillTests.swift */,
				CC74EAC31E3975E500C6B3E8 /* Info.plist */,
			);
			path = DaysTillTests;
			sourceTree = "<group>";
		};
		CC74EACB1E3975E500C6B3E8 /* DaysTillUITests */ = {
			isa = PBXGroup;
			children = (
				CC74EACC1E3975E500C6B3E8 /* DaysTillUITests.swift */,
				CC74EACE1E3975E500C6B3E8 /* Info.plist */,
			);
			path = DaysTillUITests;
			sourceTree = "<group>";
		};
/* End PBXGroup section */

/* Begin PBXNativeTarget section */
		CC74EAA81E3975E500C6B3E8 /* DaysTill */ = {
			isa = PBXNativeTarget;
			buildConfigurationList = CC74EAD11E3975E500C6B3E8 /* Build configuration list for PBXNativeTarget "DaysTill" */;
			buildPhases = (
				CC74EAA51E3975E500C6B3E8 /* Sources */,
				CC74EAA61E3975E500C6B3E8 /* Frameworks */,
				CC74EAA71E3975E500C6B3E8 /* Resources */,
			);
			buildRules = (
			);
			dependencies = (
			);
			name = DaysTill;
			productName = DaysTill;
			productReference = CC74EAA91E3975E500C6B3E8 /* DaysTill.app */;
			productType = "com.apple.product-type.application";
		};
		CC74EABC1E3975E500C6B3E8 /* DaysTillTests */ = {
			isa = PBXNativeTarget;
			buildConfigurationList = CC74EAD41E3975E500C6B3E8 /* Build configuration list for PBXNativeTarget "DaysTillTests" */;
			buildPhases = (
				CC74EAB91E3975E500C6B3E8 /* Sources */,
				CC74EABA1E3975E500C6B3E8 /* Frameworks */,
				CC74EABB1E3975E500C6B3E8 /* Resources */,
			);
			buildRules = (
			);
			dependencies = (
				CC74EABF1E3975E500C6B3E8 /* PBXTargetDependency */,
			);
			name = DaysTillTests;
			productName = DaysTillTests;
			productReference = CC74EABD1E3975E500C6B3E8 /* DaysTillTests.xctest */;
			productType = "com.apple.product-type.bundle.unit-test";
		};
		CC74EAC71E3975E500C6B3E8 /* DaysTillUITests */ = {
			isa = PBXNativeTarget;
			buildConfigurationList = CC74EAD71E3975E500C6B3E8 /* Build configuration list for PBXNativeTarget "DaysTillUITests" */;
			buildPhases = (
				CC74EAC41E3975E500C6B3E8 /* Sources */,
				CC74EAC51E3975E500C6B3E8 /* Frameworks */,
				CC74EAC61E3975E500C6B3E8 /* Resources */,
			);
			buildRules = (
			);
			dependencies = (
				CC74EACA1E3975E500C6B3E8 /* PBXTargetDependency */,
			);
			name = DaysTillUITests;
			productName = DaysTillUITests;
			productReference = CC74EAC81E3975E500C6B3E8 /* DaysTillUITests.xctest */;
			productType = "com.apple.product-type.bundle.ui-testing";
		};
/* End PBXNativeTarget section */

/* Begin PBXProject section */
		CC74EAA11E3975E500C6B3E8 /* Project object */ = {
			isa = PBXProject;
			attributes = {
				LastSwiftUpdateCheck = 0810;
				LastUpgradeCheck = 0810;
				TargetAttributes = {
					CC74EAA81E3975E500C6B3E8 = {
						CreatedOnToolsVersion = 8.1;
						ProvisioningStyle = Automatic;
					};
					CC74EABC1E3975E500C6B3E8 = {
						CreatedOnToolsVersion = 8.1;
						ProvisioningStyle = Automatic;
						TestTargetID = CC74EAA81E3975E500C6B3E8;
					};
					CC74EAC71E3975E500C6B3E8 = {
						CreatedOnToolsVersion = 8.1;
						ProvisioningStyle = Automatic;
						TestTargetID = CC74EAA81E3975E500C6B3E8;
					};
				};
			};
			buildConfigurationList = CC74EAA41E3975E500C6B3E8 /* Build configuration list for PBXProject "DaysTill" */;
			compatibilityVersion = "Xcode 3.2";
			developmentRegion = English;
			hasScannedForEncodings = 0;
			knownRegions = (
				en,
				Base,
			);
			mainGroup = CC74EAA01E3975E500C6B3E8;
			productRefGroup = CC74EAAA1E3975E500C6B3E8 /* Products */;
			projectDirPath = "";
			projectRoot = "";
			targets = (
				CC74EAA81E3975E500C6B3E8 /* DaysTill */,
				CC74EABC1E3975E500C6B3E8 /* DaysTillTests */,
				CC74EAC71E3975E500C6B3E8 /* DaysTillUITests */,
			);
		};
/* End PBXProject section */

/* Begin PBXResourcesBuildPhase section */
		CC74EAA71E3975E500C6B3E8 /* Resources */ = {
			isa = PBXResourcesBuildPhase;
			buildActionMask = 2147483647;
			files = (
				CC74EAB71E3975E500C6B3E8 /* LaunchScreen.storyboard in Resources */,
				CC74EAB41E3975E500C6B3E8 /* Assets.xcassets in Resources */,
				CC74EADB1E3977DB00C6B3E8 /* Podfile in Resources */,
				CC74EAB21E3975E500C6B3E8 /* Main.storyboard in Resources */,
			);
			runOnlyForDeploymentPostprocessing = 0;
		};
		CC74EABB1E3975E500C6B3E8 /* Resources */ = {
			isa = PBXResourcesBuildPhase;
			buildActionMask = 2147483647;
			files = (
			);
			runOnlyForDeploymentPostprocessing = 0;
		};
		CC74EAC61E3975E500C6B3E8 /* Resources */ = {
			isa = PBXResourcesBuildPhase;
			buildActionMask = 2147483647;
			files = (
			);
			runOnlyForDeploymentPostprocessing = 0;
		};
/* End PBXResourcesBuildPhase section */

/* Begin PBXSourcesBuildPhase section */
		CC74EAA51E3975E500C6B3E8 /* Sources */ = {
			isa = PBXSourcesBuildPhase;
			buildActionMask = 2147483647;
			files = (
				CC74EAAF1E3975E500C6B3E8 /* ViewController.swift in Sources */,
				CC74EAAD1E3975E500C6B3E8 /* AppDelegate.swift in Sources */,
			);
			runOnlyForDeploymentPostprocessing = 0;
		};
		CC74EAB91E3975E500C6B3E8 /* Sources */ = {
			isa = PBXSourcesBuildPhase;
			buildActionMask = 2147483647;
			files = (
				CC74EAC21E3975E500C6B3E8 /* DaysTillTests.swift in Sources */,
			);
			runOnlyForDeploymentPostprocessing = 0;
		};
		CC74EAC41E3975E500C6B3E8 /* Sources */ = {
			isa = PBXSourcesBuildPhase;
			buildActionMask = 2147483647;
			files = (
				CC74EACD1E3975E500C6B3E8 /* DaysTillUITests.swift in Sources */,
			);
			runOnlyForDeploymentPostprocessing = 0;
		};
/* End PBXSourcesBuildPhase section */

/* Begin PBXTargetDependency section */
		CC74EABF1E3975E500C6B3E8 /* PBXTargetDependency */ = {
			isa = PBXTargetDependency;
			target = CC74EAA81E3975E500C6B3E8 /* DaysTill */;
			targetProxy = CC74EABE1E3975E500C6B3E8 /* PBXContainerItemProxy */;
		};
		CC74EACA1E3975E500C6B3E8 /* PBXTargetDependency */ = {
			isa = PBXTargetDependency;
			target = CC74EAA81E3975E500C6B3E8 /* DaysTill */;
			targetProxy = CC74EAC91E3975E500C6B3E8 /* PBXContainerItemProxy */;
		};
/* End PBXTargetDependency section */

/* Begin PBXVariantGroup section */
		CC74EAB01E3975E500C6B3E8 /* Main.storyboard */ = {
			isa = PBXVariantGroup;
			children = (
				CC74EAB11E3975E500C6B3E8 /* Base */,
			);
			name = Main.storyboard;
			sourceTree = "<group>";
		};
		CC74EAB51E3975E500C6B3E8 /* LaunchScreen.storyboard */ = {
			isa = PBXVariantGroup;
			children = (
				CC74EAB61E3975E500C6B3E8 /* Base */,
			);
			name = LaunchScreen.storyboard;
			sourceTree = "<group>";
		};
/* End PBXVariantGroup section */

/* Begin XCBuildConfiguration section */
		CC74EACF1E3975E500C6B3E8 /* Debug */ = {
			isa = XCBuildConfiguration;
			buildSettings = {
				ALWAYS_SEARCH_USER_PATHS = NO;
				CLANG_ANALYZER_NONNULL = YES;
				CLANG_CXX_LANGUAGE_STANDARD = "gnu++0x";
				CLANG_CXX_LIBRARY = "libc++";
				CLANG_ENABLE_MODULES = YES;
				CLANG_ENABLE_OBJC_ARC = YES;
				CLANG_WARN_BOOL_CONVERSION = YES;
				CLANG_WARN_CONSTANT_CONVERSION = YES;
				CLANG_WARN_DIRECT_OBJC_ISA_USAGE = YES_ERROR;
				CLANG_WARN_DOCUMENTATION_COMMENTS = YES;
				CLANG_WARN_EMPTY_BODY = YES;
				CLANG_WARN_ENUM_CONVERSION = YES;
				CLANG_WARN_INFINITE_RECURSION = YES;
				CLANG_WARN_INT_CONVERSION = YES;
				CLANG_WARN_OBJC_ROOT_CLASS = YES_ERROR;
				CLANG_WARN_SUSPICIOUS_MOVES = YES;
				CLANG_WARN_UNREACHABLE_CODE = YES;
				CLANG_WARN__DUPLICATE_METHOD_MATCH = YES;
				"CODE_SIGN_IDENTITY[sdk=iphoneos*]" = "iPhone Developer";
				COPY_PHASE_STRIP = NO;
				DEBUG_INFORMATION_FORMAT = dwarf;
				ENABLE_STRICT_OBJC_MSGSEND = YES;
				ENABLE_TESTABILITY = YES;
				GCC_C_LANGUAGE_STANDARD = gnu99;
				GCC_DYNAMIC_NO_PIC = NO;
				GCC_NO_COMMON_BLOCKS = YES;
				GCC_OPTIMIZATION_LEVEL = 0;
				GCC_PREPROCESSOR_DEFINITIONS = (
					"DEBUG=1",
					"$(inherited)",
				);
				GCC_WARN_64_TO_32_BIT_CONVERSION = YES;
				GCC_WARN_ABOUT_RETURN_TYPE = YES_ERROR;
				GCC_WARN_UNDECLARED_SELECTOR = YES;
				GCC_WARN_UNINITIALIZED_AUTOS = YES_AGGRESSIVE;
				GCC_WARN_UNUSED_FUNCTION = YES;
				GCC_WARN_UNUSED_VARIABLE = YES;
				IPHONEOS_DEPLOYMENT_TARGET = 10.1;
				MTL_ENABLE_DEBUG_INFO = YES;
				ONLY_ACTIVE_ARCH = YES;
				SDKROOT = iphoneos;
				SWIFT_ACTIVE_COMPILATION_CONDITIONS = DEBUG;
				SWIFT_OPTIMIZATION_LEVEL = "-Onone";
				TARGETED_DEVICE_FAMILY = "1,2";
			};
			name = Debug;
		};
		CC74EAD01E3975E500C6B3E8 /* Release */ = {
			isa = XCBuildConfiguration;
			buildSettings = {
				ALWAYS_SEARCH_USER_PATHS = NO;
				CLANG_ANALYZER_NONNULL = YES;
				CLANG_CXX_LANGUAGE_STANDARD = "gnu++0x";
				CLANG_CXX_LIBRARY = "libc++";
				CLANG_ENABLE_MODULES = YES;
				CLANG_ENABLE_OBJC_ARC = YES;
				CLANG_WARN_BOOL_CONVERSION = YES;
				CLANG_WARN_CONSTANT_CONVERSION = YES;
				CLANG_WARN_DIRECT_OBJC_ISA_USAGE = YES_ERROR;
				CLANG_WARN_DOCUMENTATION_COMMENTS = YES;
				CLANG_WARN_EMPTY_BODY = YES;
				CLANG_WARN_ENUM_CONVERSION = YES;
				CLANG_WARN_INFINITE_RECURSION = YES;
				CLANG_WARN_INT_CONVERSION = YES;
				CLANG_WARN_OBJC_ROOT_CLASS = YES_ERROR;
				CLANG_WARN_SUSPICIOUS_MOVES = YES;
				CLANG_WARN_UNREACHABLE_CODE = YES;
				CLANG_WARN__DUPLICATE_METHOD_MATCH = YES;
				"CODE_SIGN_IDENTITY[sdk=iphoneos*]" = "iPhone Developer";
				COPY_PHASE_STRIP = NO;
				DEBUG_INFORMATION_FORMAT = "dwarf-with-dsym";
				ENABLE_NS_ASSERTIONS = NO;
				ENABLE_STRICT_OBJC_MSGSEND = YES;
				GCC_C_LANGUAGE_STANDARD = gnu99;
				GCC_NO_COMMON_BLOCKS = YES;
				GCC_WARN_64_TO_32_BIT_CONVERSION = YES;
				GCC_WARN_ABOUT_RETURN_TYPE = YES_ERROR;
				GCC_WARN_UNDECLARED_SELECTOR = YES;
				GCC_WARN_UNINITIALIZED_AUTOS = YES_AGGRESSIVE;
				GCC_WARN_UNUSED_FUNCTION = YES;
				GCC_WARN_UNUSED_VARIABLE = YES;
				IPHONEOS_DEPLOYMENT_TARGET = 10.1;
				MTL_ENABLE_DEBUG_INFO = NO;
				SDKROOT = iphoneos;
				SWIFT_OPTIMIZATION_LEVEL = "-Owholemodule";
				TARGETED_DEVICE_FAMILY = "1,2";
				VALIDATE_PRODUCT = YES;
			};
			name = Release;
		};
		CC74EAD21E3975E500C6B3E8 /* Debug */ = {
			isa = XCBuildConfiguration;
			buildSettings = {
				ASSETCATALOG_COMPILER_APPICON_NAME = AppIcon;
				INFOPLIST_FILE = DaysTill/Info.plist;
				LD_RUNPATH_SEARCH_PATHS = "$(inherited) @executable_path/Frameworks";
				PRODUCT_BUNDLE_IDENTIFIER = com.rajthala.DaysTill;
				PRODUCT_NAME = "$(TARGET_NAME)";
				SWIFT_VERSION = 3.0;
			};
			name = Debug;
		};
		CC74EAD31E3975E500C6B3E8 /* Release */ = {
			isa = XCBuildConfiguration;
			buildSettings = {
				ASSETCATALOG_COMPILER_APPICON_NAME = AppIcon;
				INFOPLIST_FILE = DaysTill/Info.plist;
				LD_RUNPATH_SEARCH_PATHS = "$(inherited) @executable_path/Frameworks";
				PRODUCT_BUNDLE_IDENTIFIER = com.rajthala.DaysTill;
				PRODUCT_NAME = "$(TARGET_NAME)";
				SWIFT_VERSION = 3.0;
			};
			name = Release;
		};
		CC74EAD51E3975E500C6B3E8 /* Debug */ = {
			isa = XCBuildConfiguration;
			buildSettings = {
				ALWAYS_EMBED_SWIFT_STANDARD_LIBRARIES = YES;
				BUNDLE_LOADER = "$(TEST_HOST)";
				INFOPLIST_FILE = DaysTillTests/Info.plist;
				LD_RUNPATH_SEARCH_PATHS = "$(inherited) @executable_path/Frameworks @loader_path/Frameworks";
				PRODUCT_BUNDLE_IDENTIFIER = com.rajthala.DaysTillTests;
				PRODUCT_NAME = "$(TARGET_NAME)";
				SWIFT_VERSION = 3.0;
				TEST_HOST = "$(BUILT_PRODUCTS_DIR)/DaysTill.app/DaysTill";
			};
			name = Debug;
		};
		CC74EAD61E3975E500C6B3E8 /* Release */ = {
			isa = XCBuildConfiguration;
			buildSettings = {
				ALWAYS_EMBED_SWIFT_STANDARD_LIBRARIES = YES;
				BUNDLE_LOADER = "$(TEST_HOST)";
				INFOPLIST_FILE = DaysTillTests/Info.plist;
				LD_RUNPATH_SEARCH_PATHS = "$(inherited) @executable_path/Frameworks @loader_path/Frameworks";
				PRODUCT_BUNDLE_IDENTIFIER = com.rajthala.DaysTillTests;
				PRODUCT_NAME = "$(TARGET_NAME)";
				SWIFT_VERSION = 3.0;
				TEST_HOST = "$(BUILT_PRODUCTS_DIR)/DaysTill.app/DaysTill";
			};
			name = Release;
		};
		CC74EAD81E3975E500C6B3E8 /* Debug */ = {
			isa = XCBuildConfiguration;
			buildSettings = {
				ALWAYS_EMBED_SWIFT_STANDARD_LIBRARIES = YES;
				INFOPLIST_FILE = DaysTillUITests/Info.plist;
				LD_RUNPATH_SEARCH_PATHS = "$(inherited) @executable_path/Frameworks @loader_path/Frameworks";
				PRODUCT_BUNDLE_IDENTIFIER = com.rajthala.DaysTillUITests;
				PRODUCT_NAME = "$(TARGET_NAME)";
				SWIFT_VERSION = 3.0;
				TEST_TARGET_NAME = DaysTill;
			};
			name = Debug;
		};
		CC74EAD91E3975E500C6B3E8 /* Release */ = {
			isa = XCBuildConfiguration;
			buildSettings = {
				ALWAYS_EMBED_SWIFT_STANDARD_LIBRARIES = YES;
				INFOPLIST_FILE = DaysTillUITests/Info.plist;
				LD_RUNPATH_SEARCH_PATHS = "$(inherited) @executable_path/Frameworks @loader_path/Frameworks";
				PRODUCT_BUNDLE_IDENTIFIER = com.rajthala.DaysTillUITests;
				PRODUCT_NAME = "$(TARGET_NAME)";
				SWIFT_VERSION = 3.0;
				TEST_TARGET_NAME = DaysTill;
			};
			name = Release;
		};
/* End XCBuildConfiguration section */

/* Begin XCConfigurationList section */
		CC74EAA41E3975E500C6B3E8 /* Build configuration list for PBXProject "DaysTill" */ = {
			isa = XCConfigurationList;
			buildConfigurations = (
				CC74EACF1E3975E500C6B3E8 /* Debug */,
				CC74EAD01E3975E500C6B3E8 /* Release */,
			);
			defaultConfigurationIsVisible = 0;
			defaultConfigurationName = Release;
		};
		CC74EAD11E3975E500C6B3E8 /* Build configuration list for PBXNativeTarget "DaysTill" */ = {
			isa = XCConfigurationList;
			buildConfigurations = (
				CC74EAD21E3975E500C6B3E8 /* Debug */,
				CC74EAD31E3975E500C6B3E8 /* Release */,
			);
			defaultConfigurationIsVisible = 0;
		};
		CC74EAD41E3975E500C6B3E8 /* Build configuration list for PBXNativeTarget "DaysTillTests" */ = {
			isa = XCConfigurationList;
			buildConfigurations = (
				CC74EAD51E3975E500C6B3E8 /* Debug */,
				CC74EAD61E3975E500C6B3E8 /* Release */,
			);
			defaultConfigurationIsVisible = 0;
		};
		CC74EAD71E3975E500C6B3E8 /* Build configuration list for PBXNativeTarget "DaysTillUITests" */ = {
			isa = XCConfigurationList;
			buildConfigurations = (
				CC74EAD81E3975E500C6B3E8 /* Debug */,
				CC74EAD91E3975E500C6B3E8 /* Release */,
			);
			defaultConfigurationIsVisible = 0;
		};
/* End XCConfigurationList section */
	};
	rootObject = CC74EAA11E3975E500C6B3E8 /* Project object */;
}
